
Microsoft Visual Studio Solution File, Format Version 12.00
# Visual Studio Version 16
VisualStudioVersion = 16.0.30907.101
MinimumVisualStudioVersion = 10.0.40219.1
Project("{9A19103F-16F7-4668-BE54-9A1E7A4F7556}") = "Net8080", "Net8080\Net8080.csproj", "{9C6211AD-D6FF-4096-BEB8-941B0E071B16}"
EndProject
Project("{FAE04EC0-301F-11D3-BF4B-00C04F79EFBC}") = "Net8080.Tests", "Net8080.Tests\Net8080.Tests.csproj", "{913472D9-D10A-49F7-8E21-395118854064}"
EndProject
Project("{FAE04EC0-301F-11D3-BF4B-00C04F79EFBC}") = "Net8080.Cmd", "Net8080.Cmd\Net8080.Cmd.csproj", "{4BD5B3F7-3F75-4387-BD5D-91255E9E538C}"
EndProject
Global
	GlobalSection(SolutionConfigurationPlatforms) = preSolution
		Debug|Any CPU = Debug|Any CPU
		Release|Any CPU = Release|Any CPU
	EndGlobalSection
	GlobalSection(ProjectConfigurationPlatforms) = postSolution
		{9C6211AD-D6FF-4096-BEB8-941B0E071B16}.Debug|Any CPU.ActiveCfg = Debug|Any CPU
		{9C6211AD-D6FF-4096-BEB8-941B0E071B16}.Debug|Any CPU.Build.0 = Debug|Any CPU
		{9C6211AD-D6FF-4096-BEB8-941B0E071B16}.Release|Any CPU.ActiveCfg = Release|Any CPU
		{9C6211AD-D6FF-4096-BEB8-941B0E071B16}.Release|Any CPU.Build.0 = Release|Any CPU
		{913472D9-D10A-49F7-8E21-395118854064}.Debug|Any CPU.ActiveCfg = Debug|Any CPU
		{913472D9-D10A-49F7-8E21-395118854064}.Debug|Any CPU.Build.0 = Debug|Any CPU
		{913472D9-D10A-49F7-8E21-395118854064}.Release|Any CPU.ActiveCfg = Release|Any CPU
		{913472D9-D10A-49F7-8E21-395118854064}.Release|Any CPU.Build.0 = Release|Any CPU
		{4BD5B3F7-3F75-4387-BD5D-91255E9E538C}.Debug|Any CPU.ActiveCfg = Debug|Any CPU
		{4BD5B3F7-3F75-4387-BD5D-91255E9E538C}.Debug|Any CPU.Build.0 = Debug|Any CPU
		{4BD5B3F7-3F75-4387-BD5D-91255E9E538C}.Release|Any CPU.ActiveCfg = Release|Any CPU
		{4BD5B3F7-3F75-4387-BD5D-91255E9E538C}.Release|Any CPU.Build.0 = Release|Any CPU
	EndGlobalSection
	GlobalSection(SolutionProperties) = preSolution
		HideSolutionNode = FALSE
	EndGlobalSection
	GlobalSection(ExtensibilityGlobals) = postSolution
		SolutionGuid = {D4F0B4EB-A0A8-4DF0-BD9F-DAAF4EB3A315}
	EndGlobalSection
EndGlobal
